
Microsoft Visual Studio Solution File, Format Version 12.00
# Visual Studio 15
VisualStudioVersion = 15.0.27428.2005
MinimumVisualStudioVersion = 10.0.40219.1
Project("{9A19103F-16F7-4668-BE54-9A1E7A4F7556}") = "Cogslite", "Cogslite\Cogslite.csproj", "{50DA76D3-9325-4B81-8DBD-6E5AA8D20376}"
EndProject
Project("{9A19103F-16F7-4668-BE54-9A1E7A4F7556}") = "CogsLite.Core", "CogsLite.Core\CogsLite.Core.csproj", "{316CA3E1-A4DE-4E2C-A2FD-105C59B377C4}"
EndProject
Project("{9A19103F-16F7-4668-BE54-9A1E7A4F7556}") = "CogsLite.MongoStore", "CogsLite.MongoStore\CogsLite.MongoStore.csproj", "{57F87F7A-93CC-47DF-93C2-CBBF21451660}"
EndProject
Project("{9A19103F-16F7-4668-BE54-9A1E7A4F7556}") = "GorgleDevs.Mvc", "GorgleDevs.Mvc\GorgleDevs.Mvc.csproj", "{4F14ED46-A44D-43AB-9A19-DDBD6892A82F}"
EndProject
Project("{9A19103F-16F7-4668-BE54-9A1E7A4F7556}") = "CogsLite.MartenStore", "CogsLite.MartenStore\CogsLite.MartenStore.csproj", "{431E5DBE-7A05-4A93-AC8D-2D7606E8217C}"
EndProject
Global
	GlobalSection(SolutionConfigurationPlatforms) = preSolution
		Debug|Any CPU = Debug|Any CPU
		Release|Any CPU = Release|Any CPU
	EndGlobalSection
	GlobalSection(ProjectConfigurationPlatforms) = postSolution
		{50DA76D3-9325-4B81-8DBD-6E5AA8D20376}.Debug|Any CPU.ActiveCfg = Debug|Any CPU
		{50DA76D3-9325-4B81-8DBD-6E5AA8D20376}.Debug|Any CPU.Build.0 = Debug|Any CPU
		{50DA76D3-9325-4B81-8DBD-6E5AA8D20376}.Release|Any CPU.ActiveCfg = Release|Any CPU
		{50DA76D3-9325-4B81-8DBD-6E5AA8D20376}.Release|Any CPU.Build.0 = Release|Any CPU
		{316CA3E1-A4DE-4E2C-A2FD-105C59B377C4}.Debug|Any CPU.ActiveCfg = Debug|Any CPU
		{316CA3E1-A4DE-4E2C-A2FD-105C59B377C4}.Debug|Any CPU.Build.0 = Debug|Any CPU
		{316CA3E1-A4DE-4E2C-A2FD-105C59B377C4}.Release|Any CPU.ActiveCfg = Release|Any CPU
		{316CA3E1-A4DE-4E2C-A2FD-105C59B377C4}.Release|Any CPU.Build.0 = Release|Any CPU
		{57F87F7A-93CC-47DF-93C2-CBBF21451660}.Debug|Any CPU.ActiveCfg = Debug|Any CPU
		{57F87F7A-93CC-47DF-93C2-CBBF21451660}.Debug|Any CPU.Build.0 = Debug|Any CPU
		{57F87F7A-93CC-47DF-93C2-CBBF21451660}.Release|Any CPU.ActiveCfg = Release|Any CPU
		{57F87F7A-93CC-47DF-93C2-CBBF21451660}.Release|Any CPU.Build.0 = Release|Any CPU
		{4F14ED46-A44D-43AB-9A19-DDBD6892A82F}.Debug|Any CPU.ActiveCfg = Debug|Any CPU
		{4F14ED46-A44D-43AB-9A19-DDBD6892A82F}.Debug|Any CPU.Build.0 = Debug|Any CPU
		{4F14ED46-A44D-43AB-9A19-DDBD6892A82F}.Release|Any CPU.ActiveCfg = Release|Any CPU
		{4F14ED46-A44D-43AB-9A19-DDBD6892A82F}.Release|Any CPU.Build.0 = Release|Any CPU
		{431E5DBE-7A05-4A93-AC8D-2D7606E8217C}.Debug|Any CPU.ActiveCfg = Debug|Any CPU
		{431E5DBE-7A05-4A93-AC8D-2D7606E8217C}.Debug|Any CPU.Build.0 = Debug|Any CPU
		{431E5DBE-7A05-4A93-AC8D-2D7606E8217C}.Release|Any CPU.ActiveCfg = Release|Any CPU
		{431E5DBE-7A05-4A93-AC8D-2D7606E8217C}.Release|Any CPU.Build.0 = Release|Any CPU
	EndGlobalSection
	GlobalSection(SolutionProperties) = preSolution
		HideSolutionNode = FALSE
	EndGlobalSection
	GlobalSection(ExtensibilityGlobals) = postSolution
		SolutionGuid = {CE4E0262-3A77-4130-A1B2-83DDDE46ED04}
	EndGlobalSection
EndGlobal
