
Microsoft Visual Studio Solution File, Format Version 12.00
# Visual Studio 15
VisualStudioVersion = 15.0.27428.2005
MinimumVisualStudioVersion = 10.0.40219.1
Project("{FAE04EC0-301F-11D3-BF4B-00C04F79EFBC}") = "Cogslite", "Cogslite\Cogslite.csproj", "{50DA76D3-9325-4B81-8DBD-6E5AA8D20376}"
EndProject
Project("{FAE04EC0-301F-11D3-BF4B-00C04F79EFBC}") = "CogsLite.Core", "CogsLite.Core\CogsLite.Core.csproj", "{316CA3E1-A4DE-4E2C-A2FD-105C59B377C4}"
EndProject
Project("{FAE04EC0-301F-11D3-BF4B-00C04F79EFBC}") = "CogsLite.BasicStore", "CogsLite.BasicStore\CogsLite.BasicStore.csproj", "{BC74DEAC-8D1C-4D64-A018-E22C9D714518}"
EndProject
Global
	GlobalSection(SolutionConfigurationPlatforms) = preSolution
		Debug|Any CPU = Debug|Any CPU
		Release|Any CPU = Release|Any CPU
	EndGlobalSection
	GlobalSection(ProjectConfigurationPlatforms) = postSolution
		{50DA76D3-9325-4B81-8DBD-6E5AA8D20376}.Debug|Any CPU.ActiveCfg = Debug|Any CPU
		{50DA76D3-9325-4B81-8DBD-6E5AA8D20376}.Debug|Any CPU.Build.0 = Debug|Any CPU
		{50DA76D3-9325-4B81-8DBD-6E5AA8D20376}.Release|Any CPU.ActiveCfg = Release|Any CPU
		{50DA76D3-9325-4B81-8DBD-6E5AA8D20376}.Release|Any CPU.Build.0 = Release|Any CPU
		{316CA3E1-A4DE-4E2C-A2FD-105C59B377C4}.Debug|Any CPU.ActiveCfg = Debug|Any CPU
		{316CA3E1-A4DE-4E2C-A2FD-105C59B377C4}.Debug|Any CPU.Build.0 = Debug|Any CPU
		{316CA3E1-A4DE-4E2C-A2FD-105C59B377C4}.Release|Any CPU.ActiveCfg = Release|Any CPU
		{316CA3E1-A4DE-4E2C-A2FD-105C59B377C4}.Release|Any CPU.Build.0 = Release|Any CPU
		{BC74DEAC-8D1C-4D64-A018-E22C9D714518}.Debug|Any CPU.ActiveCfg = Debug|Any CPU
		{BC74DEAC-8D1C-4D64-A018-E22C9D714518}.Debug|Any CPU.Build.0 = Debug|Any CPU
		{BC74DEAC-8D1C-4D64-A018-E22C9D714518}.Release|Any CPU.ActiveCfg = Release|Any CPU
		{BC74DEAC-8D1C-4D64-A018-E22C9D714518}.Release|Any CPU.Build.0 = Release|Any CPU
	EndGlobalSection
	GlobalSection(SolutionProperties) = preSolution
		HideSolutionNode = FALSE
	EndGlobalSection
	GlobalSection(ExtensibilityGlobals) = postSolution
		SolutionGuid = {CE4E0262-3A77-4130-A1B2-83DDDE46ED04}
	EndGlobalSection
EndGlobal
